
Microsoft Visual Studio Solution File, Format Version 12.00
# Visual Studio Version 17
VisualStudioVersion = 17.7.34031.279
MinimumVisualStudioVersion = 10.0.40219.1
Project("{9A19103F-16F7-4668-BE54-9A1E7A4F7556}") = "Seleniumclassproject1", "Seleniumclassproject1\Seleniumclassproject1.csproj", "{14210CFD-856B-4B87-B056-A534F7995B8E}"
EndProject
Project("{FAE04EC0-301F-11D3-BF4B-00C04F79EFBC}") = "CSharpSelfFramework", "CSharpSelfFramework\CSharpSelfFramework.csproj", "{C9D1E386-6049-418B-8FAF-7E66AA03DE8B}"
EndProject
Global
	GlobalSection(SolutionConfigurationPlatforms) = preSolution
		Debug|Any CPU = Debug|Any CPU
		Release|Any CPU = Release|Any CPU
	EndGlobalSection
	GlobalSection(ProjectConfigurationPlatforms) = postSolution
		{14210CFD-856B-4B87-B056-A534F7995B8E}.Debug|Any CPU.ActiveCfg = Debug|Any CPU
		{14210CFD-856B-4B87-B056-A534F7995B8E}.Debug|Any CPU.Build.0 = Debug|Any CPU
		{14210CFD-856B-4B87-B056-A534F7995B8E}.Release|Any CPU.ActiveCfg = Release|Any CPU
		{14210CFD-856B-4B87-B056-A534F7995B8E}.Release|Any CPU.Build.0 = Release|Any CPU
		{C9D1E386-6049-418B-8FAF-7E66AA03DE8B}.Debug|Any CPU.ActiveCfg = Debug|Any CPU
		{C9D1E386-6049-418B-8FAF-7E66AA03DE8B}.Debug|Any CPU.Build.0 = Debug|Any CPU
		{C9D1E386-6049-418B-8FAF-7E66AA03DE8B}.Release|Any CPU.ActiveCfg = Release|Any CPU
		{C9D1E386-6049-418B-8FAF-7E66AA03DE8B}.Release|Any CPU.Build.0 = Release|Any CPU
	EndGlobalSection
	GlobalSection(SolutionProperties) = preSolution
		HideSolutionNode = FALSE
	EndGlobalSection
	GlobalSection(ExtensibilityGlobals) = postSolution
		SolutionGuid = {0CAA6377-439E-410C-AB11-B04E155AF604}
	EndGlobalSection
EndGlobal
